
Microsoft Visual Studio Solution File, Format Version 12.00
# Visual Studio 14
VisualStudioVersion = 14.0.25420.1
MinimumVisualStudioVersion = 10.0.40219.1
Project("{FAE04EC0-301F-11D3-BF4B-00C04F79EFBC}") = "StudentSOAP", "StudentSOAP\StudentSOAP.csproj", "{031759C0-3A99-45AB-B3A4-A07C0B14C407}"
EndProject
Project("{FAE04EC0-301F-11D3-BF4B-00C04F79EFBC}") = "SOAPConsumer", "SOAPConsumer\SOAPConsumer.csproj", "{72AD2A0B-7F6B-49A7-B787-1972B5B5D38B}"
	ProjectSection(ProjectDependencies) = postProject
		{031759C0-3A99-45AB-B3A4-A07C0B14C407} = {031759C0-3A99-45AB-B3A4-A07C0B14C407}
	EndProjectSection
EndProject
Project("{FAE04EC0-301F-11D3-BF4B-00C04F79EFBC}") = "UnitTestSOAP", "UnitTestSOAP\UnitTestSOAP.csproj", "{3B5D3F61-8868-4056-9DFE-707F0AAA7054}"
	ProjectSection(ProjectDependencies) = postProject
		{031759C0-3A99-45AB-B3A4-A07C0B14C407} = {031759C0-3A99-45AB-B3A4-A07C0B14C407}
	EndProjectSection
EndProject
Global
	GlobalSection(SolutionConfigurationPlatforms) = preSolution
		Debug|Any CPU = Debug|Any CPU
		Release|Any CPU = Release|Any CPU
	EndGlobalSection
	GlobalSection(ProjectConfigurationPlatforms) = postSolution
		{031759C0-3A99-45AB-B3A4-A07C0B14C407}.Debug|Any CPU.ActiveCfg = Debug|Any CPU
		{031759C0-3A99-45AB-B3A4-A07C0B14C407}.Debug|Any CPU.Build.0 = Debug|Any CPU
		{031759C0-3A99-45AB-B3A4-A07C0B14C407}.Release|Any CPU.ActiveCfg = Release|Any CPU
		{031759C0-3A99-45AB-B3A4-A07C0B14C407}.Release|Any CPU.Build.0 = Release|Any CPU
		{72AD2A0B-7F6B-49A7-B787-1972B5B5D38B}.Debug|Any CPU.ActiveCfg = Debug|Any CPU
		{72AD2A0B-7F6B-49A7-B787-1972B5B5D38B}.Debug|Any CPU.Build.0 = Debug|Any CPU
		{72AD2A0B-7F6B-49A7-B787-1972B5B5D38B}.Release|Any CPU.ActiveCfg = Release|Any CPU
		{72AD2A0B-7F6B-49A7-B787-1972B5B5D38B}.Release|Any CPU.Build.0 = Release|Any CPU
		{3B5D3F61-8868-4056-9DFE-707F0AAA7054}.Debug|Any CPU.ActiveCfg = Debug|Any CPU
		{3B5D3F61-8868-4056-9DFE-707F0AAA7054}.Debug|Any CPU.Build.0 = Debug|Any CPU
		{3B5D3F61-8868-4056-9DFE-707F0AAA7054}.Release|Any CPU.ActiveCfg = Release|Any CPU
		{3B5D3F61-8868-4056-9DFE-707F0AAA7054}.Release|Any CPU.Build.0 = Release|Any CPU
	EndGlobalSection
	GlobalSection(SolutionProperties) = preSolution
		HideSolutionNode = FALSE
	EndGlobalSection
EndGlobal
